
Microsoft Visual Studio Solution File, Format Version 12.00
# Visual Studio Version 16
VisualStudioVersion = 16.0.34031.81
MinimumVisualStudioVersion = 10.0.40219.1
Project("{FAE04EC0-301F-11D3-BF4B-00C04F79EFBC}") = "001_HelloWorld", "001_HelloWorld\001_HelloWorld.csproj", "{C69BDA42-ECA8-41A1-97A4-9D274E3DADAB}"
EndProject
Global
	GlobalSection(SolutionConfigurationPlatforms) = preSolution
		Debug|Any CPU = Debug|Any CPU
		Release|Any CPU = Release|Any CPU
	EndGlobalSection
	GlobalSection(ProjectConfigurationPlatforms) = postSolution
		{C69BDA42-ECA8-41A1-97A4-9D274E3DADAB}.Debug|Any CPU.ActiveCfg = Debug|Any CPU
		{C69BDA42-ECA8-41A1-97A4-9D274E3DADAB}.Debug|Any CPU.Build.0 = Debug|Any CPU
		{C69BDA42-ECA8-41A1-97A4-9D274E3DADAB}.Release|Any CPU.ActiveCfg = Release|Any CPU
		{C69BDA42-ECA8-41A1-97A4-9D274E3DADAB}.Release|Any CPU.Build.0 = Release|Any CPU
	EndGlobalSection
	GlobalSection(SolutionProperties) = preSolution
		HideSolutionNode = FALSE
	EndGlobalSection
	GlobalSection(ExtensibilityGlobals) = postSolution
		SolutionGuid = {4EA2F681-0BB8-46FD-87BC-2BCF6D0A2CE6}
	EndGlobalSection
EndGlobal
